
Microsoft Visual Studio Solution File, Format Version 12.00
# Visual Studio 15
VisualStudioVersion = 15.0.27130.2027
MinimumVisualStudioVersion = 10.0.40219.1
Project("{FAE04EC0-301F-11D3-BF4B-00C04F79EFBC}") = "munitscs", "munitscs\munitscs.csproj", "{62BE3233-BBB8-41AF-8956-DE685495952F}"
EndProject
Project("{FAE04EC0-301F-11D3-BF4B-00C04F79EFBC}") = "munitscs_utests", "munitscs_utests\munitscs_utests.csproj", "{6AD367BE-4D81-4760-B949-8754DCF6CA9E}"
EndProject
Project("{FAE04EC0-301F-11D3-BF4B-00C04F79EFBC}") = "munits_sandbox", "munits_sandbox\munits_sandbox.csproj", "{6D564DB5-EAA2-44F4-8E3C-4C2FB8D45462}"
EndProject
Global
	GlobalSection(SolutionConfigurationPlatforms) = preSolution
		Debug|Any CPU = Debug|Any CPU
		Release|Any CPU = Release|Any CPU
	EndGlobalSection
	GlobalSection(ProjectConfigurationPlatforms) = postSolution
		{62BE3233-BBB8-41AF-8956-DE685495952F}.Debug|Any CPU.ActiveCfg = Debug|Any CPU
		{62BE3233-BBB8-41AF-8956-DE685495952F}.Debug|Any CPU.Build.0 = Debug|Any CPU
		{62BE3233-BBB8-41AF-8956-DE685495952F}.Release|Any CPU.ActiveCfg = Release|Any CPU
		{62BE3233-BBB8-41AF-8956-DE685495952F}.Release|Any CPU.Build.0 = Release|Any CPU
		{6AD367BE-4D81-4760-B949-8754DCF6CA9E}.Debug|Any CPU.ActiveCfg = Debug|Any CPU
		{6AD367BE-4D81-4760-B949-8754DCF6CA9E}.Debug|Any CPU.Build.0 = Debug|Any CPU
		{6AD367BE-4D81-4760-B949-8754DCF6CA9E}.Release|Any CPU.ActiveCfg = Release|Any CPU
		{6AD367BE-4D81-4760-B949-8754DCF6CA9E}.Release|Any CPU.Build.0 = Release|Any CPU
		{6D564DB5-EAA2-44F4-8E3C-4C2FB8D45462}.Debug|Any CPU.ActiveCfg = Debug|Any CPU
		{6D564DB5-EAA2-44F4-8E3C-4C2FB8D45462}.Debug|Any CPU.Build.0 = Debug|Any CPU
		{6D564DB5-EAA2-44F4-8E3C-4C2FB8D45462}.Release|Any CPU.ActiveCfg = Release|Any CPU
		{6D564DB5-EAA2-44F4-8E3C-4C2FB8D45462}.Release|Any CPU.Build.0 = Release|Any CPU
	EndGlobalSection
	GlobalSection(SolutionProperties) = preSolution
		HideSolutionNode = FALSE
	EndGlobalSection
	GlobalSection(ExtensibilityGlobals) = postSolution
		SolutionGuid = {A9C29AA3-6E5C-4B65-B749-C3209F7E6AA2}
	EndGlobalSection
EndGlobal
